// !$*UTF8*$!
{
	archiveVersion = 1;
	classes = {
	};
	objectVersion = 46;
	objects = {

/* Begin PBXBuildFile section */
		842BB17E1BE12866008D982F /* AppDelegate.swift in Sources */ = {isa = PBXBuildFile; fileRef = 842BB17D1BE12866008D982F /* AppDelegate.swift */; };
		842BB1801BE12866008D982F /* ViewController.swift in Sources */ = {isa = PBXBuildFile; fileRef = 842BB17F1BE12866008D982F /* ViewController.swift */; };
		842BB1831BE12866008D982F /* Main.storyboard in Resources */ = {isa = PBXBuildFile; fileRef = 842BB1811BE12866008D982F /* Main.storyboard */; };
		842BB1851BE12866008D982F /* Assets.xcassets in Resources */ = {isa = PBXBuildFile; fileRef = 842BB1841BE12866008D982F /* Assets.xcassets */; };
		842BB1881BE12866008D982F /* LaunchScreen.storyboard in Resources */ = {isa = PBXBuildFile; fileRef = 842BB1861BE12866008D982F /* LaunchScreen.storyboard */; };
		842BB1911BE12A87008D982F /* RoundUIView.swift in Sources */ = {isa = PBXBuildFile; fileRef = 842BB1901BE12A87008D982F /* RoundUIView.swift */; settings = {ASSET_TAGS = (); }; };
		84E670451BE3B93400EE9998 /* WeatherService.swift in Sources */ = {isa = PBXBuildFile; fileRef = 84E670441BE3B93400EE9998 /* WeatherService.swift */; settings = {ASSET_TAGS = (); }; };
		84E670471BE3BA3100EE9998 /* Weather.swift in Sources */ = {isa = PBXBuildFile; fileRef = 84E670461BE3BA3100EE9998 /* Weather.swift */; settings = {ASSET_TAGS = (); }; };
		A8AEE6DBD1365F59B845FC41 /* Pods_Now_weather.framework in Frameworks */ = {isa = PBXBuildFile; fileRef = 05C6BA80B33AA5ACDDCE842C /* Pods_Now_weather.framework */; };
/* End PBXBuildFile section */

/* Begin PBXFileReference section */
		05C6BA80B33AA5ACDDCE842C /* Pods_Now_weather.framework */ = {isa = PBXFileReference; explicitFileType = wrapper.framework; includeInIndex = 0; path = Pods_Now_weather.framework; sourceTree = BUILT_PRODUCTS_DIR; };
		3B21949054BDB8DAFFC07FCC /* Pods-Now-weather.release.xcconfig */ = {isa = PBXFileReference; includeInIndex = 1; lastKnownFileType = text.xcconfig; name = "Pods-Now-weather.release.xcconfig"; path = "Pods/Target Support Files/Pods-Now-weather/Pods-Now-weather.release.xcconfig"; sourceTree = "<group>"; };
		7F2BEB7AA193AA14E2BF9A37 /* Pods-Now-weather.debug.xcconfig */ = {isa = PBXFileReference; includeInIndex = 1; lastKnownFileType = text.xcconfig; name = "Pods-Now-weather.debug.xcconfig"; path = "Pods/Target Support Files/Pods-Now-weather/Pods-Now-weather.debug.xcconfig"; sourceTree = "<group>"; };
		842BB17A1BE12866008D982F /* Now-weather.app */ = {isa = PBXFileReference; explicitFileType = wrapper.application; includeInIndex = 0; path = "Now-weather.app"; sourceTree = BUILT_PRODUCTS_DIR; };
		842BB17D1BE12866008D982F /* AppDelegate.swift */ = {isa = PBXFileReference; lastKnownFileType = sourcecode.swift; path = AppDelegate.swift; sourceTree = "<group>"; };
		842BB17F1BE12866008D982F /* ViewController.swift */ = {isa = PBXFileReference; lastKnownFileType = sourcecode.swift; path = ViewController.swift; sourceTree = "<group>"; };
		842BB1821BE12866008D982F /* Base */ = {isa = PBXFileReference; lastKnownFileType = file.storyboard; name = Base; path = Base.lproj/Main.storyboard; sourceTree = "<group>"; };
		842BB1841BE12866008D982F /* Assets.xcassets */ = {isa = PBXFileReference; lastKnownFileType = folder.assetcatalog; path = Assets.xcassets; sourceTree = "<group>"; };
		842BB1871BE12866008D982F /* Base */ = {isa = PBXFileReference; lastKnownFileType = file.storyboard; name = Base; path = Base.lproj/LaunchScreen.storyboard; sourceTree = "<group>"; };
		842BB1891BE12866008D982F /* Info.plist */ = {isa = PBXFileReference; lastKnownFileType = text.plist.xml; path = Info.plist; sourceTree = "<group>"; };
		842BB1901BE12A87008D982F /* RoundUIView.swift */ = {isa = PBXFileReference; fileEncoding = 4; lastKnownFileType = sourcecode.swift; path = RoundUIView.swift; sourceTree = "<group>"; };
		84E670441BE3B93400EE9998 /* WeatherService.swift */ = {isa = PBXFileReference; fileEncoding = 4; lastKnownFileType = sourcecode.swift; path = WeatherService.swift; sourceTree = "<group>"; };
		84E670461BE3BA3100EE9998 /* Weather.swift */ = {isa = PBXFileReference; fileEncoding = 4; lastKnownFileType = sourcecode.swift; path = Weather.swift; sourceTree = "<group>"; };
/* End PBXFileReference section */

/* Begin PBXFrameworksBuildPhase section */
		842BB1771BE12866008D982F /* Frameworks */ = {
			isa = PBXFrameworksBuildPhase;
			buildActionMask = 2147483647;
			files = (
				A8AEE6DBD1365F59B845FC41 /* Pods_Now_weather.framework in Frameworks */,
			);
			runOnlyForDeploymentPostprocessing = 0;
		};
/* End PBXFrameworksBuildPhase section */

/* Begin PBXGroup section */
		0CC188AE5DA74C6CE47F1FCF /* Frameworks */ = {
			isa = PBXGroup;
			children = (
				05C6BA80B33AA5ACDDCE842C /* Pods_Now_weather.framework */,
			);
			name = Frameworks;
			sourceTree = "<group>";
		};
		51C0C9E4BA4198AD19201BC2 /* Pods */ = {
			isa = PBXGroup;
			children = (
				7F2BEB7AA193AA14E2BF9A37 /* Pods-Now-weather.debug.xcconfig */,
				3B21949054BDB8DAFFC07FCC /* Pods-Now-weather.release.xcconfig */,
			);
			name = Pods;
			sourceTree = "<group>";
		};
		842BB1711BE12866008D982F = {
			isa = PBXGroup;
			children = (
				842BB17C1BE12866008D982F /* Now-weather */,
				842BB17B1BE12866008D982F /* Products */,
				51C0C9E4BA4198AD19201BC2 /* Pods */,
				0CC188AE5DA74C6CE47F1FCF /* Frameworks */,
			);
			sourceTree = "<group>";
		};
		842BB17B1BE12866008D982F /* Products */ = {
			isa = PBXGroup;
			children = (
				842BB17A1BE12866008D982F /* Now-weather.app */,
			);
			name = Products;
			sourceTree = "<group>";
		};
		842BB17C1BE12866008D982F /* Now-weather */ = {
			isa = PBXGroup;
			children = (
				84E670431BE3B91A00EE9998 /* Services */,
				84E670421BE3B91000EE9998 /* Models */,
				842BB18F1BE12A3A008D982F /* Views */,
				84E670411BE3B90000EE9998 /* Controllers */,
				842BB17D1BE12866008D982F /* AppDelegate.swift */,
				842BB1841BE12866008D982F /* Assets.xcassets */,
				842BB1891BE12866008D982F /* Info.plist */,
			);
			path = "Now-weather";
			sourceTree = "<group>";
		};
		842BB18F1BE12A3A008D982F /* Views */ = {
			isa = PBXGroup;
			children = (
				842BB1811BE12866008D982F /* Main.storyboard */,
				842BB1861BE12866008D982F /* LaunchScreen.storyboard */,
				842BB1901BE12A87008D982F /* RoundUIView.swift */,
			);
			name = Views;
			sourceTree = "<group>";
		};
		84E670411BE3B90000EE9998 /* Controllers */ = {
			isa = PBXGroup;
			children = (
				842BB17F1BE12866008D982F /* ViewController.swift */,
			);
			name = Controllers;
			sourceTree = "<group>";
		};
		84E670421BE3B91000EE9998 /* Models */ = {
			isa = PBXGroup;
			children = (
				84E670461BE3BA3100EE9998 /* Weather.swift */,
			);
			name = Models;
			sourceTree = "<group>";
		};
		84E670431BE3B91A00EE9998 /* Services */ = {
			isa = PBXGroup;
			children = (
				84E670441BE3B93400EE9998 /* WeatherService.swift */,
			);
			name = Services;
			sourceTree = "<group>";
		};
/* End PBXGroup section */

/* Begin PBXNativeTarget section */
		842BB1791BE12866008D982F /* Now-weather */ = {
			isa = PBXNativeTarget;
			buildConfigurationList = 842BB18C1BE12866008D982F /* Build configuration list for PBXNativeTarget "Now-weather" */;
			buildPhases = (
				9CFDC61E8F9C2EA37D3245DD /* Check Pods Manifest.lock */,
				842BB1761BE12866008D982F /* Sources */,
				842BB1771BE12866008D982F /* Frameworks */,
				842BB1781BE12866008D982F /* Resources */,
				A4EB10CA92C629123F58C75D /* Embed Pods Frameworks */,
				3AB4AF187B253301FB6C14F2 /* Copy Pods Resources */,
			);
			buildRules = (
			);
			dependencies = (
			);
			name = "Now-weather";
			productName = "Now-weather";
			productReference = 842BB17A1BE12866008D982F /* Now-weather.app */;
			productType = "com.apple.product-type.application";
		};
/* End PBXNativeTarget section */

/* Begin PBXProject section */
		842BB1721BE12866008D982F /* Project object */ = {
			isa = PBXProject;
			attributes = {
				LastUpgradeCheck = 0700;
				ORGANIZATIONNAME = "Roman Rudyak";
				TargetAttributes = {
					842BB1791BE12866008D982F = {
						CreatedOnToolsVersion = 7.0.1;
					};
				};
			};
			buildConfigurationList = 842BB1751BE12866008D982F /* Build configuration list for PBXProject "Now-weather" */;
			compatibilityVersion = "Xcode 3.2";
			developmentRegion = English;
			hasScannedForEncodings = 0;
			knownRegions = (
				en,
				Base,
			);
			mainGroup = 842BB1711BE12866008D982F;
			productRefGroup = 842BB17B1BE12866008D982F /* Products */;
			projectDirPath = "";
			projectRoot = "";
			targets = (
				842BB1791BE12866008D982F /* Now-weather */,
			);
		};
/* End PBXProject section */

/* Begin PBXResourcesBuildPhase section */
		842BB1781BE12866008D982F /* Resources */ = {
			isa = PBXResourcesBuildPhase;
			buildActionMask = 2147483647;
			files = (
				842BB1881BE12866008D982F /* LaunchScreen.storyboard in Resources */,
				842BB1851BE12866008D982F /* Assets.xcassets in Resources */,
				842BB1831BE12866008D982F /* Main.storyboard in Resources */,
			);
			runOnlyForDeploymentPostprocessing = 0;
		};
/* End PBXResourcesBuildPhase section */

/* Begin PBXShellScriptBuildPhase section */
		3AB4AF187B253301FB6C14F2 /* Copy Pods Resources */ = {
			isa = PBXShellScriptBuildPhase;
			buildActionMask = 2147483647;
			files = (
			);
			inputPaths = (
			);
			name = "Copy Pods Resources";
			outputPaths = (
			);
			runOnlyForDeploymentPostprocessing = 0;
			shellPath = /bin/sh;
			shellScript = "\"${SRCROOT}/Pods/Target Support Files/Pods-Now-weather/Pods-Now-weather-resources.sh\"\n";
			showEnvVarsInLog = 0;
		};
		9CFDC61E8F9C2EA37D3245DD /* Check Pods Manifest.lock */ = {
			isa = PBXShellScriptBuildPhase;
			buildActionMask = 2147483647;
			files = (
			);
			inputPaths = (
			);
			name = "Check Pods Manifest.lock";
			outputPaths = (
			);
			runOnlyForDeploymentPostprocessing = 0;
			shellPath = /bin/sh;
			shellScript = "diff \"${PODS_ROOT}/../Podfile.lock\" \"${PODS_ROOT}/Manifest.lock\" > /dev/null\nif [[ $? != 0 ]] ; then\n    cat << EOM\nerror: The sandbox is not in sync with the Podfile.lock. Run 'pod install' or update your CocoaPods installation.\nEOM\n    exit 1\nfi\n";
			showEnvVarsInLog = 0;
		};
		A4EB10CA92C629123F58C75D /* Embed Pods Frameworks */ = {
			isa = PBXShellScriptBuildPhase;
			buildActionMask = 2147483647;
			files = (
			);
			inputPaths = (
			);
			name = "Embed Pods Frameworks";
			outputPaths = (
			);
			runOnlyForDeploymentPostprocessing = 0;
			shellPath = /bin/sh;
			shellScript = "\"${SRCROOT}/Pods/Target Support Files/Pods-Now-weather/Pods-Now-weather-frameworks.sh\"\n";
			showEnvVarsInLog = 0;
		};
/* End PBXShellScriptBuildPhase section */

/* Begin PBXSourcesBuildPhase section */
		842BB1761BE12866008D982F /* Sources */ = {
			isa = PBXSourcesBuildPhase;
			buildActionMask = 2147483647;
			files = (
				84E670451BE3B93400EE9998 /* WeatherService.swift in Sources */,
				842BB1801BE12866008D982F /* ViewController.swift in Sources */,
				842BB17E1BE12866008D982F /* AppDelegate.swift in Sources */,
				842BB1911BE12A87008D982F /* RoundUIView.swift in Sources */,
				84E670471BE3BA3100EE9998 /* Weather.swift in Sources */,
			);
			runOnlyForDeploymentPostprocessing = 0;
		};
/* End PBXSourcesBuildPhase section */

/* Begin PBXVariantGroup section */
		842BB1811BE12866008D982F /* Main.storyboard */ = {
			isa = PBXVariantGroup;
			children = (
				842BB1821BE12866008D982F /* Base */,
			);
			name = Main.storyboard;
			sourceTree = "<group>";
		};
		842BB1861BE12866008D982F /* LaunchScreen.storyboard */ = {
			isa = PBXVariantGroup;
			children = (
				842BB1871BE12866008D982F /* Base */,
			);
			name = LaunchScreen.storyboard;
			sourceTree = "<group>";
		};
/* End PBXVariantGroup section */

/* Begin XCBuildConfiguration section */
		842BB18A1BE12866008D982F /* Debug */ = {
			isa = XCBuildConfiguration;
			buildSettings = {
				ALWAYS_SEARCH_USER_PATHS = NO;
				CLANG_CXX_LANGUAGE_STANDARD = "gnu++0x";
				CLANG_CXX_LIBRARY = "libc++";
				CLANG_ENABLE_MODULES = YES;
				CLANG_ENABLE_OBJC_ARC = YES;
				CLANG_WARN_BOOL_CONVERSION = YES;
				CLANG_WARN_CONSTANT_CONVERSION = YES;
				CLANG_WARN_DIRECT_OBJC_ISA_USAGE = YES_ERROR;
				CLANG_WARN_EMPTY_BODY = YES;
				CLANG_WARN_ENUM_CONVERSION = YES;
				CLANG_WARN_INT_CONVERSION = YES;
				CLANG_WARN_OBJC_ROOT_CLASS = YES_ERROR;
				CLANG_WARN_UNREACHABLE_CODE = YES;
				CLANG_WARN__DUPLICATE_METHOD_MATCH = YES;
				"CODE_SIGN_IDENTITY[sdk=iphoneos*]" = "iPhone Developer";
				COPY_PHASE_STRIP = NO;
				DEBUG_INFORMATION_FORMAT = dwarf;
				ENABLE_STRICT_OBJC_MSGSEND = YES;
				ENABLE_TESTABILITY = YES;
				GCC_C_LANGUAGE_STANDARD = gnu99;
				GCC_DYNAMIC_NO_PIC = NO;
				GCC_NO_COMMON_BLOCKS = YES;
				GCC_OPTIMIZATION_LEVEL = 0;
				GCC_PREPROCESSOR_DEFINITIONS = (
					"DEBUG=1",
					"$(inherited)",
				);
				GCC_WARN_64_TO_32_BIT_CONVERSION = YES;
				GCC_WARN_ABOUT_RETURN_TYPE = YES_ERROR;
				GCC_WARN_UNDECLARED_SELECTOR = YES;
				GCC_WARN_UNINITIALIZED_AUTOS = YES_AGGRESSIVE;
				GCC_WARN_UNUSED_FUNCTION = YES;
				GCC_WARN_UNUSED_VARIABLE = YES;
				IPHONEOS_DEPLOYMENT_TARGET = 9.0;
				MTL_ENABLE_DEBUG_INFO = YES;
				ONLY_ACTIVE_ARCH = YES;
				SDKROOT = iphoneos;
				SWIFT_OPTIMIZATION_LEVEL = "-Onone";
				TARGETED_DEVICE_FAMILY = "1,2";
			};
			name = Debug;
		};
		842BB18B1BE12866008D982F /* Release */ = {
			isa = XCBuildConfiguration;
			buildSettings = {
				ALWAYS_SEARCH_USER_PATHS = NO;
				CLANG_CXX_LANGUAGE_STANDARD = "gnu++0x";
				CLANG_CXX_LIBRARY = "libc++";
				CLANG_ENABLE_MODULES = YES;
				CLANG_ENABLE_OBJC_ARC = YES;
				CLANG_WARN_BOOL_CONVERSION = YES;
				CLANG_WARN_CONSTANT_CONVERSION = YES;
				CLANG_WARN_DIRECT_OBJC_ISA_USAGE = YES_ERROR;
				CLANG_WARN_EMPTY_BODY = YES;
				CLANG_WARN_ENUM_CONVERSION = YES;
				CLANG_WARN_INT_CONVERSION = YES;
				CLANG_WARN_OBJC_ROOT_CLASS = YES_ERROR;
				CLANG_WARN_UNREACHABLE_CODE = YES;
				CLANG_WARN__DUPLICATE_METHOD_MATCH = YES;
				"CODE_SIGN_IDENTITY[sdk=iphoneos*]" = "iPhone Developer";
				COPY_PHASE_STRIP = NO;
				DEBUG_INFORMATION_FORMAT = "dwarf-with-dsym";
				ENABLE_NS_ASSERTIONS = NO;
				ENABLE_STRICT_OBJC_MSGSEND = YES;
				GCC_C_LANGUAGE_STANDARD = gnu99;
				GCC_NO_COMMON_BLOCKS = YES;
				GCC_WARN_64_TO_32_BIT_CONVERSION = YES;
				GCC_WARN_ABOUT_RETURN_TYPE = YES_ERROR;
				GCC_WARN_UNDECLARED_SELECTOR = YES;
				GCC_WARN_UNINITIALIZED_AUTOS = YES_AGGRESSIVE;
				GCC_WARN_UNUSED_FUNCTION = YES;
				GCC_WARN_UNUSED_VARIABLE = YES;
				IPHONEOS_DEPLOYMENT_TARGET = 9.0;
				MTL_ENABLE_DEBUG_INFO = NO;
				SDKROOT = iphoneos;
				TARGETED_DEVICE_FAMILY = "1,2";
				VALIDATE_PRODUCT = YES;
			};
			name = Release;
		};
		842BB18D1BE12866008D982F /* Debug */ = {
			isa = XCBuildConfiguration;
			baseConfigurationReference = 7F2BEB7AA193AA14E2BF9A37 /* Pods-Now-weather.debug.xcconfig */;
			buildSettings = {
				ASSETCATALOG_COMPILER_APPICON_NAME = AppIcon;
				INFOPLIST_FILE = "Now-weather/Info.plist";
				LD_RUNPATH_SEARCH_PATHS = "$(inherited) @executable_path/Frameworks";
				PRODUCT_BUNDLE_IDENTIFIER = com.romanrudyak.nowweather;
				PRODUCT_NAME = "$(TARGET_NAME)";
			};
			name = Debug;
		};
		842BB18E1BE12866008D982F /* Release */ = {
			isa = XCBuildConfiguration;
			baseConfigurationReference = 3B21949054BDB8DAFFC07FCC /* Pods-Now-weather.release.xcconfig */;
			buildSettings = {
				ASSETCATALOG_COMPILER_APPICON_NAME = AppIcon;
				INFOPLIST_FILE = "Now-weather/Info.plist";
				LD_RUNPATH_SEARCH_PATHS = "$(inherited) @executable_path/Frameworks";
				PRODUCT_BUNDLE_IDENTIFIER = com.romanrudyak.nowweather;
				PRODUCT_NAME = "$(TARGET_NAME)";
			};
			name = Release;
		};
/* End XCBuildConfiguration section */

/* Begin XCConfigurationList section */
		842BB1751BE12866008D982F /* Build configuration list for PBXProject "Now-weather" */ = {
			isa = XCConfigurationList;
			buildConfigurations = (
				842BB18A1BE12866008D982F /* Debug */,
				842BB18B1BE12866008D982F /* Release */,
			);
			defaultConfigurationIsVisible = 0;
			defaultConfigurationName = Release;
		};
		842BB18C1BE12866008D982F /* Build configuration list for PBXNativeTarget "Now-weather" */ = {
			isa = XCConfigurationList;
			buildConfigurations = (
				842BB18D1BE12866008D982F /* Debug */,
				842BB18E1BE12866008D982F /* Release */,
			);
			defaultConfigurationIsVisible = 0;
			defaultConfigurationName = Release;
		};
/* End XCConfigurationList section */
	};
	rootObject = 842BB1721BE12866008D982F /* Project object */;
}
